{
  "version": "4",
  "specifiers": {
    "jsr:@david/code-block-writer@^13.0.2": "13.0.3",
    "jsr:@deno/cache-dir@~0.10.3": "0.10.3",
    "jsr:@deno/dnt@~0.41.3": "0.41.3",
    "jsr:@std/assert@0.223": "0.223.0",
    "jsr:@std/assert@0.226": "0.226.0",
    "jsr:@std/bytes@0.223": "0.223.0",
    "jsr:@std/fmt@0.223": "0.223.0",
    "jsr:@std/fmt@1": "1.0.6",
    "jsr:@std/fs@0.223": "0.223.0",
    "jsr:@std/fs@1": "1.0.14",
    "jsr:@std/fs@~0.229.3": "0.229.3",
    "jsr:@std/io@0.223": "0.223.0",
    "jsr:@std/path@0.223": "0.223.0",
    "jsr:@std/path@1": "1.0.8",
    "jsr:@std/path@1.0.0-rc.1": "1.0.0-rc.1",
    "jsr:@std/path@^1.0.8": "1.0.8",
    "jsr:@std/path@~0.225.2": "0.225.2",
    "jsr:@ts-morph/bootstrap@0.24": "0.24.0",
    "jsr:@ts-morph/common@0.24": "0.24.0",
    "npm:@types/node@*": "22.12.0",
    "npm:http@*": "0.0.1-security"
  },
  "jsr": {
    "@david/code-block-writer@13.0.3": {
      "integrity": "f98c77d320f5957899a61bfb7a9bead7c6d83ad1515daee92dbacc861e13bb7f"
    },
    "@deno/cache-dir@0.10.3": {
      "integrity": "eb022f84ecc49c91d9d98131c6e6b118ff63a29e343624d058646b9d50404776",
      "dependencies": [
        "jsr:@std/fmt@0.223",
        "jsr:@std/fs@0.223",
        "jsr:@std/io",
        "jsr:@std/path@0.223"
      ]
    },
    "@deno/dnt@0.41.3": {
      "integrity": "b2ef2c8a5111eef86cb5bfcae103d6a2938e8e649e2461634a7befb7fc59d6d2",
      "dependencies": [
        "jsr:@david/code-block-writer",
        "jsr:@deno/cache-dir",
        "jsr:@std/fmt@1",
        "jsr:@std/fs@1",
        "jsr:@std/path@1",
        "jsr:@ts-morph/bootstrap"
      ]
    },
    "@std/assert@0.223.0": {
      "integrity": "eb8d6d879d76e1cc431205bd346ed4d88dc051c6366365b1af47034b0670be24"
    },
    "@std/assert@0.226.0": {
      "integrity": "0dfb5f7c7723c18cec118e080fec76ce15b4c31154b15ad2bd74822603ef75b3"
    },
    "@std/bytes@0.223.0": {
      "integrity": "84b75052cd8680942c397c2631318772b295019098f40aac5c36cead4cba51a8"
    },
    "@std/fmt@0.223.0": {
      "integrity": "6deb37794127dfc7d7bded2586b9fc6f5d50e62a8134846608baf71ffc1a5208"
    },
    "@std/fmt@1.0.2": {
      "integrity": "87e9dfcdd3ca7c066e0c3c657c1f987c82888eb8103a3a3baa62684ffeb0f7a7"
    },
    "@std/fmt@1.0.6": {
      "integrity": "a2c56a69a2369876ddb3ad6a500bb6501b5bad47bb3ea16bfb0c18974d2661fc"
    },
    "@std/fs@0.223.0": {
      "integrity": "3b4b0550b2c524cbaaa5a9170c90e96cbb7354e837ad1bdaf15fc9df1ae9c31c"
    },
    "@std/fs@0.229.3": {
      "integrity": "783bca21f24da92e04c3893c9e79653227ab016c48e96b3078377ebd5222e6eb",
      "dependencies": [
        "jsr:@std/path@1.0.0-rc.1"
      ]
    },
    "@std/fs@1.0.14": {
      "integrity": "1e84bf0b95fe08f41f1f4aea9717bbf29f45408a56ce073b0114474ce1c9fccf",
      "dependencies": [
        "jsr:@std/path@^1.0.8"
      ]
    },
    "@std/io@0.223.0": {
      "integrity": "2d8c3c2ab3a515619b90da2c6ff5ea7b75a94383259ef4d02116b228393f84f1",
      "dependencies": [
        "jsr:@std/assert@0.223",
        "jsr:@std/bytes"
      ]
    },
    "@std/path@0.223.0": {
      "integrity": "593963402d7e6597f5a6e620931661053572c982fc014000459edc1f93cc3989",
      "dependencies": [
        "jsr:@std/assert@0.223"
      ]
    },
    "@std/path@0.225.2": {
      "integrity": "0f2db41d36b50ef048dcb0399aac720a5348638dd3cb5bf80685bf2a745aa506",
      "dependencies": [
        "jsr:@std/assert@0.226"
      ]
    },
    "@std/path@1.0.0-rc.1": {
      "integrity": "b8c00ae2f19106a6bb7cbf1ab9be52aa70de1605daeb2dbdc4f87a7cbaf10ff6"
    },
    "@std/path@1.0.6": {
      "integrity": "ab2c55f902b380cf28e0eec501b4906e4c1960d13f00e11cfbcd21de15f18fed"
    },
    "@std/path@1.0.8": {
      "integrity": "548fa456bb6a04d3c1a1e7477986b6cffbce95102d0bb447c67c4ee70e0364be"
    },
    "@ts-morph/bootstrap@0.24.0": {
      "integrity": "a826a2ef7fa8a7c3f1042df2c034d20744d94da2ee32bf29275bcd4dffd3c060",
      "dependencies": [
        "jsr:@ts-morph/common"
      ]
    },
    "@ts-morph/common@0.24.0": {
      "integrity": "12b625b8e562446ba658cdbe9ad77774b4bd96b992ae8bd34c60dbf24d06c1f3",
      "dependencies": [
        "jsr:@std/fs@~0.229.3",
        "jsr:@std/path@~0.225.2"
      ]
    }
  },
  "npm": {
    "@types/node@22.12.0": {
      "integrity": "sha512-Fll2FZ1riMjNmlmJOdAyY5pUbkftXslB5DgEzlIuNaiWhXd00FhWxVC/r4yV/4wBb9JfImTu+jiSvXTkJ7F/gA==",
      "dependencies": [
        "undici-types"
      ]
    },
    "http@0.0.1-security": {
      "integrity": "sha512-RnDvP10Ty9FxqOtPZuxtebw1j4L/WiqNMDtuc1YMH1XQm5TgDRaR1G9u8upL6KD1bXHSp9eSXo/ED+8Q7FAr+g=="
    },
    "undici-types@6.20.0": {
      "integrity": "sha512-Ny6QZ2Nju20vw1SRHe3d9jVu6gJ+4e3+MMpqu7pqE5HT6WsTSlce++GQmK5UXS8mzV8DSYHrQH+Xrf2jVcuKNg=="
    }
  },
  "remote": {
    "https://deno.land/std@0.203.0/assert/assert.ts": "9a97dad6d98c238938e7540736b826440ad8c1c1e54430ca4c4e623e585607ee",
    "https://deno.land/std@0.203.0/assert/assertion_error.ts": "4d0bde9b374dfbcbe8ac23f54f567b77024fb67dbb1906a852d67fe050d42f56",
    "https://deno.land/std@0.203.0/fs/_util.ts": "fbf57dcdc9f7bc8128d60301eece608246971a7836a3bb1e78da75314f08b978",
    "https://deno.land/std@0.203.0/fs/copy.ts": "23cc1c465babe5ca4d69778821e2f8addc44593e30a5ca0b902b3784eed75bb6",
    "https://deno.land/std@0.203.0/fs/empty_dir.ts": "2e52cd4674d18e2e007175c80449fc3d263786a1361e858d9dfa9360a6581b47",
    "https://deno.land/std@0.203.0/fs/ensure_dir.ts": "dc64c4c75c64721d4e3fb681f1382f803ff3d2868f08563ff923fdd20d071c40",
    "https://deno.land/std@0.203.0/fs/ensure_file.ts": "39ac83cc283a20ec2735e956adf5de3e8a3334e0b6820547b5772f71c49ae083",
    "https://deno.land/std@0.203.0/fs/ensure_link.ts": "c15e69c48556d78aae31b83e0c0ece04b7b8bc0951412f5b759aceb6fde7f0ac",
    "https://deno.land/std@0.203.0/fs/ensure_symlink.ts": "b389c8568f0656d145ac7ece472afe710815cccbb2ebfd19da7978379ae143fe",
    "https://deno.land/std@0.203.0/fs/eol.ts": "f1f2eb348a750c34500741987b21d65607f352cf7205f48f4319d417fff42842",
    "https://deno.land/std@0.203.0/fs/exists.ts": "cb59a853d84871d87acab0e7936a4dac11282957f8e195102c5a7acb42546bb8",
    "https://deno.land/std@0.203.0/fs/expand_glob.ts": "52b8b6f5b1fa585c348250da1c80ce5d820746cb4a75d874b3599646f677d3a7",
    "https://deno.land/std@0.203.0/fs/mod.ts": "bc3d0acd488cc7b42627044caf47d72019846d459279544e1934418955ba4898",
    "https://deno.land/std@0.203.0/fs/move.ts": "b4f8f46730b40c32ea3c0bc8eb0fd0e8139249a698883c7b3756424cf19785c9",
    "https://deno.land/std@0.203.0/fs/walk.ts": "a16146724a6aaf9efdb92023a74e9805195c3469900744ce5de4113b07b29779",
    "https://deno.land/std@0.203.0/path/_basename.ts": "057d420c9049821f983f784fd87fa73ac471901fb628920b67972b0f44319343",
    "https://deno.land/std@0.203.0/path/_constants.ts": "e49961f6f4f48039c0dfed3c3f93e963ca3d92791c9d478ac5b43183413136e0",
    "https://deno.land/std@0.203.0/path/_dirname.ts": "355e297236b2218600aee7a5301b937204c62e12da9db4b0b044993d9e658395",
    "https://deno.land/std@0.203.0/path/_extname.ts": "eaaa5aae1acf1f03254d681bd6a8ce42a9cb5b7ff2213a9d4740e8ab31283664",
    "https://deno.land/std@0.203.0/path/_format.ts": "4a99270d6810f082e614309164fad75d6f1a483b68eed97c830a506cc589f8b4",
    "https://deno.land/std@0.203.0/path/_from_file_url.ts": "6eadfae2e6f63ad9ee46b26db4a1b16583055c0392acedfb50ed2fc694b6f581",
    "https://deno.land/std@0.203.0/path/_interface.ts": "6471159dfbbc357e03882c2266d21ef9afdb1e4aa771b0545e90db58a0ba314b",
    "https://deno.land/std@0.203.0/path/_is_absolute.ts": "05dac10b5e93c63198b92e3687baa2be178df5321c527dc555266c0f4f51558c",
    "https://deno.land/std@0.203.0/path/_join.ts": "815f5e85b042285175b1492dd5781240ce126c23bd97bad6b8211fe7129c538e",
    "https://deno.land/std@0.203.0/path/_normalize.ts": "a19ec8706b2707f9dd974662a5cd89fad438e62ab1857e08b314a8eb49a34d81",
    "https://deno.land/std@0.203.0/path/_os.ts": "30b0c2875f360c9296dbe6b7f2d528f0f9c741cecad2e97f803f5219e91b40a2",
    "https://deno.land/std@0.203.0/path/_parse.ts": "0f9b0ff43682dd9964eb1c4398610c4e165d8db9d3ac9d594220217adf480cfa",
    "https://deno.land/std@0.203.0/path/_relative.ts": "27bdeffb5311a47d85be26d37ad1969979359f7636c5cd9fcf05dcd0d5099dc5",
    "https://deno.land/std@0.203.0/path/_resolve.ts": "7a3616f1093735ed327e758313b79c3c04ea921808ca5f19ddf240cb68d0adf6",
    "https://deno.land/std@0.203.0/path/_to_file_url.ts": "a141e4a525303e1a3a0c0571fd024552b5f3553a2af7d75d1ff3a503dcbb66d8",
    "https://deno.land/std@0.203.0/path/_to_namespaced_path.ts": "0d5f4caa2ed98ef7a8786286df6af804b50e38859ae897b5b5b4c8c5930a75c8",
    "https://deno.land/std@0.203.0/path/_util.ts": "4e191b1bac6b3bf0c31aab42e5ca2e01a86ab5a0d2e08b75acf8585047a86221",
    "https://deno.land/std@0.203.0/path/basename.ts": "bdfa5a624c6a45564dc6758ef2077f2822978a6dbe77b0a3514f7d1f81362930",
    "https://deno.land/std@0.203.0/path/common.ts": "ee7505ab01fd22de3963b64e46cff31f40de34f9f8de1fff6a1bd2fe79380000",
    "https://deno.land/std@0.203.0/path/dirname.ts": "b6533f4ee4174a526dec50c279534df5345836dfdc15318400b08c62a62a39dd",
    "https://deno.land/std@0.203.0/path/extname.ts": "62c4b376300795342fe1e4746c0de518b4dc9c4b0b4617bfee62a2973a9555cf",
    "https://deno.land/std@0.203.0/path/format.ts": "110270b238514dd68455a4c54956215a1aff7e37e22e4427b7771cefe1920aa5",
    "https://deno.land/std@0.203.0/path/from_file_url.ts": "9f5cb58d58be14c775ec2e57fc70029ac8b17ed3bd7fe93e475b07280adde0ac",
    "https://deno.land/std@0.203.0/path/glob.ts": "593e2c3573883225c25c5a21aaa8e9382a696b8e175ea20a3b6a1471ad17aaed",
    "https://deno.land/std@0.203.0/path/is_absolute.ts": "0b92eb35a0a8780e9f16f16bb23655b67dace6a8e0d92d42039e518ee38103c1",
    "https://deno.land/std@0.203.0/path/join.ts": "31c5419f23d91655b08ec7aec403f4e4cd1a63d39e28f6e42642ea207c2734f8",
    "https://deno.land/std@0.203.0/path/mod.ts": "6e1efb0b13121463aedb53ea51dabf5639a3172ab58c89900bbb72b486872532",
    "https://deno.land/std@0.203.0/path/normalize.ts": "6ea523e0040979dd7ae2f1be5bf2083941881a252554c0f32566a18b03021955",
    "https://deno.land/std@0.203.0/path/parse.ts": "be8de342bb9e1924d78dc4d93c45215c152db7bf738ec32475560424b119b394",
    "https://deno.land/std@0.203.0/path/posix.ts": "0a1c1952d132323a88736d03e92bd236f3ed5f9f079e5823fae07c8d978ee61b",
    "https://deno.land/std@0.203.0/path/relative.ts": "8bedac226afd360afc45d451a6c29fabceaf32978526bcb38e0c852661f66c61",
    "https://deno.land/std@0.203.0/path/resolve.ts": "133161e4949fc97f9ca67988d51376b0f5eef8968a6372325ab84d39d30b80dc",
    "https://deno.land/std@0.203.0/path/separator.ts": "40a3e9a4ad10bef23bc2cd6c610291b6c502a06237c2c4cd034a15ca78dedc1f",
    "https://deno.land/std@0.203.0/path/to_file_url.ts": "00e6322373dd51ad109956b775e4e72e5f9fa68ce2c6b04e4af2a6eed3825d31",
    "https://deno.land/std@0.203.0/path/to_namespaced_path.ts": "1b1db3055c343ab389901adfbda34e82b7386bcd1c744d54f9c1496ee0fd0c3d",
    "https://deno.land/std@0.203.0/path/win32.ts": "8b3f80ef7a462511d5e8020ff490edcaa0a0d118f1b1e9da50e2916bdd73f9dd"
  },
  "workspace": {
    "dependencies": [
      "jsr:@deno/dnt@~0.41.3"
    ]
  }
}
